
Microsoft Visual Studio Solution File, Format Version 12.00
# Visual Studio Version 16
VisualStudioVersion = 16.0.33423.256
MinimumVisualStudioVersion = 10.0.40219.1
Project("{FAE04EC0-301F-11D3-BF4B-00C04F79EFBC}") = "dz_31.03", "dz_31.03\dz_31.03.csproj", "{05A39A9E-DAC7-4124-B0B8-6783CCE7196E}"
EndProject
Global
	GlobalSection(SolutionConfigurationPlatforms) = preSolution
		Debug|Any CPU = Debug|Any CPU
		Release|Any CPU = Release|Any CPU
	EndGlobalSection
	GlobalSection(ProjectConfigurationPlatforms) = postSolution
		{05A39A9E-DAC7-4124-B0B8-6783CCE7196E}.Debug|Any CPU.ActiveCfg = Debug|Any CPU
		{05A39A9E-DAC7-4124-B0B8-6783CCE7196E}.Debug|Any CPU.Build.0 = Debug|Any CPU
		{05A39A9E-DAC7-4124-B0B8-6783CCE7196E}.Release|Any CPU.ActiveCfg = Release|Any CPU
		{05A39A9E-DAC7-4124-B0B8-6783CCE7196E}.Release|Any CPU.Build.0 = Release|Any CPU
	EndGlobalSection
	GlobalSection(SolutionProperties) = preSolution
		HideSolutionNode = FALSE
	EndGlobalSection
	GlobalSection(ExtensibilityGlobals) = postSolution
		SolutionGuid = {A399D690-00A1-4D3C-BCDB-31161E6E815B}
	EndGlobalSection
EndGlobal
